
Microsoft Visual Studio Solution File, Format Version 12.00
# Visual Studio 15
VisualStudioVersion = 15.0.27205.2004
MinimumVisualStudioVersion = 10.0.40219.1
Project("{2150E333-8FDC-42A3-9474-1A3956D46DE8}") = "Tests", "Tests", "{BB93A7A2-2246-4686-AA48-72987CEFF69B}"
EndProject
Project("{9A19103F-16F7-4668-BE54-9A1E7A4F7556}") = "SudokuTools", "src\SudokuTools\SudokuTools.csproj", "{238DCD4C-C44A-4872-8469-985E5095410A}"
EndProject
Project("{9A19103F-16F7-4668-BE54-9A1E7A4F7556}") = "ToolsTests", "tests\ToolsTests.csproj", "{A34C7E95-0FA7-4827-965D-FA0CEFA033A7}"
EndProject
Project("{FAE04EC0-301F-11D3-BF4B-00C04F79EFBC}") = "DemoConsoleApp", "DemoConsoleApp\DemoConsoleApp.csproj", "{2A89777B-6B9D-45A0-8021-94054D395582}"
EndProject
Global
	GlobalSection(SolutionConfigurationPlatforms) = preSolution
		Debug|Any CPU = Debug|Any CPU
		Release|Any CPU = Release|Any CPU
	EndGlobalSection
	GlobalSection(ProjectConfigurationPlatforms) = postSolution
		{238DCD4C-C44A-4872-8469-985E5095410A}.Debug|Any CPU.ActiveCfg = Debug|Any CPU
		{238DCD4C-C44A-4872-8469-985E5095410A}.Debug|Any CPU.Build.0 = Debug|Any CPU
		{238DCD4C-C44A-4872-8469-985E5095410A}.Release|Any CPU.ActiveCfg = Release|Any CPU
		{238DCD4C-C44A-4872-8469-985E5095410A}.Release|Any CPU.Build.0 = Release|Any CPU
		{A34C7E95-0FA7-4827-965D-FA0CEFA033A7}.Debug|Any CPU.ActiveCfg = Debug|Any CPU
		{A34C7E95-0FA7-4827-965D-FA0CEFA033A7}.Debug|Any CPU.Build.0 = Debug|Any CPU
		{A34C7E95-0FA7-4827-965D-FA0CEFA033A7}.Release|Any CPU.ActiveCfg = Release|Any CPU
		{A34C7E95-0FA7-4827-965D-FA0CEFA033A7}.Release|Any CPU.Build.0 = Release|Any CPU
		{2A89777B-6B9D-45A0-8021-94054D395582}.Debug|Any CPU.ActiveCfg = Debug|Any CPU
		{2A89777B-6B9D-45A0-8021-94054D395582}.Debug|Any CPU.Build.0 = Debug|Any CPU
		{2A89777B-6B9D-45A0-8021-94054D395582}.Release|Any CPU.ActiveCfg = Release|Any CPU
		{2A89777B-6B9D-45A0-8021-94054D395582}.Release|Any CPU.Build.0 = Release|Any CPU
	EndGlobalSection
	GlobalSection(SolutionProperties) = preSolution
		HideSolutionNode = FALSE
	EndGlobalSection
	GlobalSection(NestedProjects) = preSolution
		{A34C7E95-0FA7-4827-965D-FA0CEFA033A7} = {BB93A7A2-2246-4686-AA48-72987CEFF69B}
	EndGlobalSection
	GlobalSection(ExtensibilityGlobals) = postSolution
		SolutionGuid = {0590118F-2BE1-4DB2-BAAF-BF575D55E0A7}
	EndGlobalSection
EndGlobal
